{
  "nodes": {
    "nixpkgs": {
      "locked": {
        "lastModified": 1776434932,
        "narHash": "sha256-gyqXNMgk3sh+ogY5svd2eNLJ6oEwzbAeaoBrrxD0lKk=",
        "owner": "NixOS",
        "repo": "nixpkgs",
        "rev": "c7f47036d3df2add644c46d712d14262b7d86c0c",
        "type": "github"
      },
      "original": {
        "owner": "NixOS",
        "ref": "nixos-25.11",
        "repo": "nixpkgs",
        "type": "github"
      }
    },
    "nixpkgs-jemilsson": {
      "inputs": {
        "nixpkgs": [
          "nixpkgs"
        ],
        "nixpkgs-unstable": [
          "nixpkgs-unstable"
        ]
      },
      "locked": {
        "lastModified": 1772652441,
        "narHash": "sha256-mMT3kckvyLVM3cTpgZnjD69c/9Q9oCCpkw6rSn0PjjM=",
        "owner": "jemilsson-org",
        "repo": "nixpkgs-jemilsson",
        "rev": "b77092c45bd05d77baa18f06140201cc34116cf8",
        "type": "github"
      },
      "original": {
        "owner": "jemilsson-org",
        "repo": "nixpkgs-jemilsson",
        "type": "github"
      }
    },
    "nixpkgs-unstable": {
      "locked": {
        "lastModified": 1776169885,
        "narHash": "sha256-l/iNYDZ4bGOAFQY2q8y5OAfBBtrDAaPuRQqWaFHVRXM=",
        "owner": "NixOS",
        "repo": "nixpkgs",
        "rev": "4bd9165a9165d7b5e33ae57f3eecbcb28fb231c9",
        "type": "github"
      },
      "original": {
        "owner": "NixOS",
        "ref": "nixos-unstable",
        "repo": "nixpkgs",
        "type": "github"
      }
    },
    "root": {
      "inputs": {
        "nixpkgs": "nixpkgs",
        "nixpkgs-jemilsson": "nixpkgs-jemilsson",
        "nixpkgs-unstable": "nixpkgs-unstable",
        "ssh-agent-mux": "ssh-agent-mux"
      }
    },
    "ssh-agent-mux": {
      "inputs": {
        "nixpkgs": [
          "nixpkgs-unstable"
        ]
      },
      "locked": {
        "lastModified": 1776506735,
        "narHash": "sha256-E5pdMy+lf9VJseAmB64lboG968SPg7Lnq7wR7NvILKU=",
        "owner": "jemilsson",
        "repo": "ssh-agent-mux",
        "rev": "28dbdf43090e1b76d4e11864c4f8bf160843666f",
        "type": "github"
      },
      "original": {
        "owner": "jemilsson",
        "ref": "resilient",
        "repo": "ssh-agent-mux",
        "type": "github"
      }
    }
  },
  "root": "root",
  "version": 7
}
