{
  "nodes": {
    "bambu-studio": {
      "locked": {
        "lastModified": 1686249895,
        "narHash": "sha256-up+fUKE0bZ/5cRGI14/KJux+AWJg+/HBoiG1cI0MA+U=",
        "owner": "zhaofengli",
        "repo": "nixpkgs",
        "rev": "fb3cca0aa1f240de37da7a3567b38b2961416394",
        "type": "github"
      },
      "original": {
        "owner": "zhaofengli",
        "ref": "bambu-studio",
        "repo": "nixpkgs",
        "type": "github"
      }
    },
    "nixpkgs": {
      "locked": {
        "lastModified": 1687555006,
        "narHash": "sha256-GD2Kqb/DXQBRJcHqkM2qFZqbVenyO7Co/80JHRMg2U0=",
        "owner": "NixOS",
        "repo": "nixpkgs",
        "rev": "33223d479ffde3d05ac16c6dff04ae43cc27e577",
        "type": "github"
      },
      "original": {
        "owner": "NixOS",
        "ref": "nixos-23.05",
        "repo": "nixpkgs",
        "type": "github"
      }
    },
    "nixpkgs-unstable": {
      "locked": {
        "lastModified": 1687502512,
        "narHash": "sha256-dBL/01TayOSZYxtY4cMXuNCBk8UMLoqRZA+94xiFpJA=",
        "owner": "NixOS",
        "repo": "nixpkgs",
        "rev": "3ae20aa58a6c0d1ca95c9b11f59a2d12eebc511f",
        "type": "github"
      },
      "original": {
        "owner": "NixOS",
        "ref": "nixos-unstable",
        "repo": "nixpkgs",
        "type": "github"
      }
    },
    "root": {
      "inputs": {
        "bambu-studio": "bambu-studio",
        "nixpkgs": "nixpkgs",
        "nixpkgs-unstable": "nixpkgs-unstable"
      }
    }
  },
  "root": "root",
  "version": 7
}
