name: update-flake-lock
on:
  workflow_dispatch: # allows manual triggering
  schedule:
    - cron: '0 4 * * 1' # Runs mondays at 04:00 UTC

jobs:
  lockfile:
    runs-on: ubuntu-latest
    steps:
      - name: Checkout repository
        uses: actions/checkout@main
      - name: Install Nix
        uses: cachix/install-nix-action@master
      - name: Magic Nix Cache
        uses: DeterminateSystems/magic-nix-cache-action@main
        with:
          extra_nix_config: |
            access-tokens = github.com=${{ secrets.GITHUB_TOKEN }}
      - name: Update flake.lock
        uses: DeterminateSystems/update-flake-lock@main
        with:
          pr-title: "Update flake.lock" # Title of PR to be created
          pr-labels: |                  # Labels to be set on the PR
            dependencies
            automated
          pr-reviewers: jemilsson
          pr-assignees: jemilsson
